{
    "name": "@ridetracker/analyticsclient",
    "version": "0.9.0",
    "lockfileVersion": 3,
    "requires": true,
    "packages": {
        "": {
            "name": "@ridetracker/analyticsclient",
            "version": "0.9.0",
            "dependencies": {
                "@ridetracker/authclient": "^0.9.1"
            },
            "devDependencies": {
                "typescript": "^5.1.6"
            }
        },
        "node_modules/@ridetracker/authclient": {
            "version": "0.9.1",
            "resolved": "https://npm.pkg.github.com/download/@ridetracker/authclient/0.9.1/115995f932e22c1b2ecd4339622644402a17dd0d",
            "integrity": "sha512-lySe0Q+SMHs+43P3sO2l0KSuvCbFCMOrFc8owKhkCvEI+bmr+cvK/NI/a761sgNVElvthQetmUCN9BADPU/a5w=="
        },
        "node_modules/typescript": {
            "version": "5.1.6",
            "resolved": "https://registry.npmjs.org/typescript/-/typescript-5.1.6.tgz",
            "integrity": "sha512-zaWCozRZ6DLEWAWFrVDz1H6FVXzUSfTy5FUMWsQlU8Ym5JP9eO4xkTIROFCQvhQf61z6O/G6ugw3SgAnvvm+HA==",
            "dev": true,
            "bin": {
                "tsc": "bin/tsc",
                "tsserver": "bin/tsserver"
            },
            "engines": {
                "node": ">=14.17"
            }
        }
    }
}
